{
  "name": "web-installer-authenticator",
  "version": "1.0.30",
  "lockfileVersion": 2,
  "requires": true,
  "packages": {
    "": {
      "name": "web-installer-authenticator",
      "version": "1.0.30",
      "license": "MIT",
      "bin": {
        "wiauth": "index.js"
      },
      "engines": {
        "node": "14.17.5"
      }
    }
  }
}
