{
  "name": "web-installer-authenticator",
  "version": "1.0.54",
  "lockfileVersion": 3,
  "requires": true,
  "packages": {
    "": {
      "name": "web-installer-authenticator",
      "version": "1.0.54",
      "license": "MIT",
      "bin": {
        "wiauth": "index.js"
      },
      "engines": {
        "node": "22.21.1"
      }
    }
  }
}
